// !$*UTF8*$!
{
	archiveVersion = 1;
	classes = {
	};
	objectVersion = 50;
	objects = {

/* Begin PBXBuildFile section */
		402B28CD21E494EE00BD83F7 /* AppDelegate.swift in Sources */ = {isa = PBXBuildFile; fileRef = 402B28CC21E494EE00BD83F7 /* AppDelegate.swift */; };
		402B28CF21E494EE00BD83F7 /* ViewController.swift in Sources */ = {isa = PBXBuildFile; fileRef = 402B28CE21E494EE00BD83F7 /* ViewController.swift */; };
		402B28D221E494EE00BD83F7 /* Main.storyboard in Resources */ = {isa = PBXBuildFile; fileRef = 402B28D021E494EE00BD83F7 /* Main.storyboard */; };
		402B28D421E494EF00BD83F7 /* Assets.xcassets in Resources */ = {isa = PBXBuildFile; fileRef = 402B28D321E494EF00BD83F7 /* Assets.xcassets */; };
		402B28D721E494EF00BD83F7 /* LaunchScreen.storyboard in Resources */ = {isa = PBXBuildFile; fileRef = 402B28D521E494EF00BD83F7 /* LaunchScreen.storyboard */; };
		402B28E821E495D700BD83F7 /* ObservableType+Statistics.swift in Sources */ = {isa = PBXBuildFile; fileRef = 402B28DF21E495D700BD83F7 /* ObservableType+Statistics.swift */; };
		402B28E921E495D700BD83F7 /* StatisticsManager.swift in Sources */ = {isa = PBXBuildFile; fileRef = 402B28E021E495D700BD83F7 /* StatisticsManager.swift */; };
		402B28EA21E495D700BD83F7 /* UIView+Statistics.swift in Sources */ = {isa = PBXBuildFile; fileRef = 402B28E121E495D700BD83F7 /* UIView+Statistics.swift */; };
		402B28EB21E495D700BD83F7 /* UIButton+Statistics.swift in Sources */ = {isa = PBXBuildFile; fileRef = 402B28E221E495D700BD83F7 /* UIButton+Statistics.swift */; };
		402B28ED21E495D700BD83F7 /* UIViewController+Statistics.swift in Sources */ = {isa = PBXBuildFile; fileRef = 402B28E421E495D700BD83F7 /* UIViewController+Statistics.swift */; };
		402B28EE21E495D700BD83F7 /* UICollectionView+Statistics.swift in Sources */ = {isa = PBXBuildFile; fileRef = 402B28E521E495D700BD83F7 /* UICollectionView+Statistics.swift */; };
		402B28EF21E495D700BD83F7 /* UIScrollView+Statistics.swift in Sources */ = {isa = PBXBuildFile; fileRef = 402B28E621E495D700BD83F7 /* UIScrollView+Statistics.swift */; };
		402B28F021E495D700BD83F7 /* UITableView+Extension.swift in Sources */ = {isa = PBXBuildFile; fileRef = 402B28E721E495D700BD83F7 /* UITableView+Extension.swift */; };
		402B28F321E4978000BD83F7 /* UICollectionView+RX.swift in Sources */ = {isa = PBXBuildFile; fileRef = 402B28F221E4978000BD83F7 /* UICollectionView+RX.swift */; };
		402B28F521E4978B00BD83F7 /* UITableView+RX.swift in Sources */ = {isa = PBXBuildFile; fileRef = 402B28F421E4978B00BD83F7 /* UITableView+RX.swift */; };
		402B28F721E498BB00BD83F7 /* CollectionViewCell.swift in Sources */ = {isa = PBXBuildFile; fileRef = 402B28F621E498BB00BD83F7 /* CollectionViewCell.swift */; };
		402B28F921E498C200BD83F7 /* CollectionViewCell.xib in Resources */ = {isa = PBXBuildFile; fileRef = 402B28F821E498C100BD83F7 /* CollectionViewCell.xib */; };
		402B28FB21E49C9D00BD83F7 /* EventID.swift in Sources */ = {isa = PBXBuildFile; fileRef = 402B28FA21E49C9D00BD83F7 /* EventID.swift */; };
		402B28FD21E49E5200BD83F7 /* ControlEvent+Statistics.swift in Sources */ = {isa = PBXBuildFile; fileRef = 402B28FC21E49E5200BD83F7 /* ControlEvent+Statistics.swift */; };
		DBF8A70FE35DC0E3DC3938D3 /* Pods_Statistics.framework in Frameworks */ = {isa = PBXBuildFile; fileRef = 28338FB65B1626DED23C60E0 /* Pods_Statistics.framework */; };
/* End PBXBuildFile section */

/* Begin PBXFileReference section */
		28338FB65B1626DED23C60E0 /* Pods_Statistics.framework */ = {isa = PBXFileReference; explicitFileType = wrapper.framework; includeInIndex = 0; path = Pods_Statistics.framework; sourceTree = BUILT_PRODUCTS_DIR; };
		402B28C921E494EE00BD83F7 /* Statistics.app */ = {isa = PBXFileReference; explicitFileType = wrapper.application; includeInIndex = 0; path = Statistics.app; sourceTree = BUILT_PRODUCTS_DIR; };
		402B28CC21E494EE00BD83F7 /* AppDelegate.swift */ = {isa = PBXFileReference; lastKnownFileType = sourcecode.swift; path = AppDelegate.swift; sourceTree = "<group>"; };
		402B28CE21E494EE00BD83F7 /* ViewController.swift */ = {isa = PBXFileReference; lastKnownFileType = sourcecode.swift; path = ViewController.swift; sourceTree = "<group>"; };
		402B28D121E494EE00BD83F7 /* Base */ = {isa = PBXFileReference; lastKnownFileType = file.storyboard; name = Base; path = Base.lproj/Main.storyboard; sourceTree = "<group>"; };
		402B28D321E494EF00BD83F7 /* Assets.xcassets */ = {isa = PBXFileReference; lastKnownFileType = folder.assetcatalog; path = Assets.xcassets; sourceTree = "<group>"; };
		402B28D621E494EF00BD83F7 /* Base */ = {isa = PBXFileReference; lastKnownFileType = file.storyboard; name = Base; path = Base.lproj/LaunchScreen.storyboard; sourceTree = "<group>"; };
		402B28D821E494EF00BD83F7 /* Info.plist */ = {isa = PBXFileReference; lastKnownFileType = text.plist.xml; path = Info.plist; sourceTree = "<group>"; };
		402B28DF21E495D700BD83F7 /* ObservableType+Statistics.swift */ = {isa = PBXFileReference; fileEncoding = 4; lastKnownFileType = sourcecode.swift; path = "ObservableType+Statistics.swift"; sourceTree = "<group>"; };
		402B28E021E495D700BD83F7 /* StatisticsManager.swift */ = {isa = PBXFileReference; fileEncoding = 4; lastKnownFileType = sourcecode.swift; path = StatisticsManager.swift; sourceTree = "<group>"; };
		402B28E121E495D700BD83F7 /* UIView+Statistics.swift */ = {isa = PBXFileReference; fileEncoding = 4; lastKnownFileType = sourcecode.swift; path = "UIView+Statistics.swift"; sourceTree = "<group>"; };
		402B28E221E495D700BD83F7 /* UIButton+Statistics.swift */ = {isa = PBXFileReference; fileEncoding = 4; lastKnownFileType = sourcecode.swift; path = "UIButton+Statistics.swift"; sourceTree = "<group>"; };
		402B28E421E495D700BD83F7 /* UIViewController+Statistics.swift */ = {isa = PBXFileReference; fileEncoding = 4; lastKnownFileType = sourcecode.swift; path = "UIViewController+Statistics.swift"; sourceTree = "<group>"; };
		402B28E521E495D700BD83F7 /* UICollectionView+Statistics.swift */ = {isa = PBXFileReference; fileEncoding = 4; lastKnownFileType = sourcecode.swift; path = "UICollectionView+Statistics.swift"; sourceTree = "<group>"; };
		402B28E621E495D700BD83F7 /* UIScrollView+Statistics.swift */ = {isa = PBXFileReference; fileEncoding = 4; lastKnownFileType = sourcecode.swift; path = "UIScrollView+Statistics.swift"; sourceTree = "<group>"; };
		402B28E721E495D700BD83F7 /* UITableView+Extension.swift */ = {isa = PBXFileReference; fileEncoding = 4; lastKnownFileType = sourcecode.swift; path = "UITableView+Extension.swift"; sourceTree = "<group>"; };
		402B28F221E4978000BD83F7 /* UICollectionView+RX.swift */ = {isa = PBXFileReference; fileEncoding = 4; lastKnownFileType = sourcecode.swift; path = "UICollectionView+RX.swift"; sourceTree = "<group>"; };
		402B28F421E4978B00BD83F7 /* UITableView+RX.swift */ = {isa = PBXFileReference; fileEncoding = 4; lastKnownFileType = sourcecode.swift; path = "UITableView+RX.swift"; sourceTree = "<group>"; };
		402B28F621E498BB00BD83F7 /* CollectionViewCell.swift */ = {isa = PBXFileReference; lastKnownFileType = sourcecode.swift; path = CollectionViewCell.swift; sourceTree = "<group>"; };
		402B28F821E498C100BD83F7 /* CollectionViewCell.xib */ = {isa = PBXFileReference; lastKnownFileType = file.xib; path = CollectionViewCell.xib; sourceTree = "<group>"; };
		402B28FA21E49C9D00BD83F7 /* EventID.swift */ = {isa = PBXFileReference; lastKnownFileType = sourcecode.swift; path = EventID.swift; sourceTree = "<group>"; };
		402B28FC21E49E5200BD83F7 /* ControlEvent+Statistics.swift */ = {isa = PBXFileReference; lastKnownFileType = sourcecode.swift; path = "ControlEvent+Statistics.swift"; sourceTree = "<group>"; };
		5448989702201B4E74A56FC9 /* Pods-Statistics.debug.xcconfig */ = {isa = PBXFileReference; includeInIndex = 1; lastKnownFileType = text.xcconfig; name = "Pods-Statistics.debug.xcconfig"; path = "Target Support Files/Pods-Statistics/Pods-Statistics.debug.xcconfig"; sourceTree = "<group>"; };
		E0C9443AE541B01955E3CDE5 /* Pods-Statistics.release.xcconfig */ = {isa = PBXFileReference; includeInIndex = 1; lastKnownFileType = text.xcconfig; name = "Pods-Statistics.release.xcconfig"; path = "Target Support Files/Pods-Statistics/Pods-Statistics.release.xcconfig"; sourceTree = "<group>"; };
/* End PBXFileReference section */

/* Begin PBXFrameworksBuildPhase section */
		402B28C621E494EE00BD83F7 /* Frameworks */ = {
			isa = PBXFrameworksBuildPhase;
			buildActionMask = 2147483647;
			files = (
				DBF8A70FE35DC0E3DC3938D3 /* Pods_Statistics.framework in Frameworks */,
			);
			runOnlyForDeploymentPostprocessing = 0;
		};
/* End PBXFrameworksBuildPhase section */

/* Begin PBXGroup section */
		0B745089CAD675E1CDB045E7 /* Pods */ = {
			isa = PBXGroup;
			children = (
				5448989702201B4E74A56FC9 /* Pods-Statistics.debug.xcconfig */,
				E0C9443AE541B01955E3CDE5 /* Pods-Statistics.release.xcconfig */,
			);
			path = Pods;
			sourceTree = "<group>";
		};
		402B28C021E494EE00BD83F7 = {
			isa = PBXGroup;
			children = (
				402B28CB21E494EE00BD83F7 /* Statistics */,
				402B28CA21E494EE00BD83F7 /* Products */,
				0B745089CAD675E1CDB045E7 /* Pods */,
				C0A1359ED25625F97E8B0CBE /* Frameworks */,
			);
			sourceTree = "<group>";
		};
		402B28CA21E494EE00BD83F7 /* Products */ = {
			isa = PBXGroup;
			children = (
				402B28C921E494EE00BD83F7 /* Statistics.app */,
			);
			name = Products;
			sourceTree = "<group>";
		};
		402B28CB21E494EE00BD83F7 /* Statistics */ = {
			isa = PBXGroup;
			children = (
				402B28F121E4977100BD83F7 /* Extension */,
				402B28DE21E495D700BD83F7 /* Classes */,
				402B28CC21E494EE00BD83F7 /* AppDelegate.swift */,
				402B28CE21E494EE00BD83F7 /* ViewController.swift */,
				402B28F621E498BB00BD83F7 /* CollectionViewCell.swift */,
				402B28F821E498C100BD83F7 /* CollectionViewCell.xib */,
				402B28D021E494EE00BD83F7 /* Main.storyboard */,
				402B28D321E494EF00BD83F7 /* Assets.xcassets */,
				402B28D521E494EF00BD83F7 /* LaunchScreen.storyboard */,
				402B28D821E494EF00BD83F7 /* Info.plist */,
			);
			path = Statistics;
			sourceTree = "<group>";
		};
		402B28DE21E495D700BD83F7 /* Classes */ = {
			isa = PBXGroup;
			children = (
				402B28FC21E49E5200BD83F7 /* ControlEvent+Statistics.swift */,
				402B28FA21E49C9D00BD83F7 /* EventID.swift */,
				402B28DF21E495D700BD83F7 /* ObservableType+Statistics.swift */,
				402B28E021E495D700BD83F7 /* StatisticsManager.swift */,
				402B28E221E495D700BD83F7 /* UIButton+Statistics.swift */,
				402B28E521E495D700BD83F7 /* UICollectionView+Statistics.swift */,
				402B28E621E495D700BD83F7 /* UIScrollView+Statistics.swift */,
				402B28E721E495D700BD83F7 /* UITableView+Extension.swift */,
				402B28E121E495D700BD83F7 /* UIView+Statistics.swift */,
				402B28E421E495D700BD83F7 /* UIViewController+Statistics.swift */,
			);
			path = Classes;
			sourceTree = "<group>";
		};
		402B28F121E4977100BD83F7 /* Extension */ = {
			isa = PBXGroup;
			children = (
				402B28F421E4978B00BD83F7 /* UITableView+RX.swift */,
				402B28F221E4978000BD83F7 /* UICollectionView+RX.swift */,
			);
			path = Extension;
			sourceTree = "<group>";
		};
		C0A1359ED25625F97E8B0CBE /* Frameworks */ = {
			isa = PBXGroup;
			children = (
				28338FB65B1626DED23C60E0 /* Pods_Statistics.framework */,
			);
			name = Frameworks;
			sourceTree = "<group>";
		};
/* End PBXGroup section */

/* Begin PBXNativeTarget section */
		402B28C821E494EE00BD83F7 /* Statistics */ = {
			isa = PBXNativeTarget;
			buildConfigurationList = 402B28DB21E494EF00BD83F7 /* Build configuration list for PBXNativeTarget "Statistics" */;
			buildPhases = (
				9A54802C1CE2DF70FDBA64C4 /* [CP] Check Pods Manifest.lock */,
				402B28C521E494EE00BD83F7 /* Sources */,
				402B28C621E494EE00BD83F7 /* Frameworks */,
				402B28C721E494EE00BD83F7 /* Resources */,
				481496B641F09A327EE8A7F6 /* [CP] Embed Pods Frameworks */,
			);
			buildRules = (
			);
			dependencies = (
			);
			name = Statistics;
			productName = Statistics;
			productReference = 402B28C921E494EE00BD83F7 /* Statistics.app */;
			productType = "com.apple.product-type.application";
		};
/* End PBXNativeTarget section */

/* Begin PBXProject section */
		402B28C121E494EE00BD83F7 /* Project object */ = {
			isa = PBXProject;
			attributes = {
				LastSwiftUpdateCheck = 1010;
				LastUpgradeCheck = 1010;
				ORGANIZATIONNAME = wave;
				TargetAttributes = {
					402B28C821E494EE00BD83F7 = {
						CreatedOnToolsVersion = 10.1;
					};
				};
			};
			buildConfigurationList = 402B28C421E494EE00BD83F7 /* Build configuration list for PBXProject "Statistics" */;
			compatibilityVersion = "Xcode 9.3";
			developmentRegion = en;
			hasScannedForEncodings = 0;
			knownRegions = (
				en,
				Base,
			);
			mainGroup = 402B28C021E494EE00BD83F7;
			productRefGroup = 402B28CA21E494EE00BD83F7 /* Products */;
			projectDirPath = "";
			projectRoot = "";
			targets = (
				402B28C821E494EE00BD83F7 /* Statistics */,
			);
		};
/* End PBXProject section */

/* Begin PBXResourcesBuildPhase section */
		402B28C721E494EE00BD83F7 /* Resources */ = {
			isa = PBXResourcesBuildPhase;
			buildActionMask = 2147483647;
			files = (
				402B28D721E494EF00BD83F7 /* LaunchScreen.storyboard in Resources */,
				402B28D421E494EF00BD83F7 /* Assets.xcassets in Resources */,
				402B28F921E498C200BD83F7 /* CollectionViewCell.xib in Resources */,
				402B28D221E494EE00BD83F7 /* Main.storyboard in Resources */,
			);
			runOnlyForDeploymentPostprocessing = 0;
		};
/* End PBXResourcesBuildPhase section */

/* Begin PBXShellScriptBuildPhase section */
		481496B641F09A327EE8A7F6 /* [CP] Embed Pods Frameworks */ = {
			isa = PBXShellScriptBuildPhase;
			buildActionMask = 2147483647;
			files = (
			);
			inputFileListPaths = (
			);
			inputPaths = (
				"${PODS_ROOT}/Target Support Files/Pods-Statistics/Pods-Statistics-frameworks.sh",
				"${BUILT_PRODUCTS_DIR}/Aspects/Aspects.framework",
				"${BUILT_PRODUCTS_DIR}/Differentiator/Differentiator.framework",
				"${BUILT_PRODUCTS_DIR}/NSObject+Rx/NSObject_Rx.framework",
				"${BUILT_PRODUCTS_DIR}/RxAtomic/RxAtomic.framework",
				"${BUILT_PRODUCTS_DIR}/RxCocoa/RxCocoa.framework",
				"${BUILT_PRODUCTS_DIR}/RxDataSources/RxDataSources.framework",
				"${BUILT_PRODUCTS_DIR}/RxSwift/RxSwift.framework",
				"${BUILT_PRODUCTS_DIR}/RxViewController/RxViewController.framework",
				"${BUILT_PRODUCTS_DIR}/SwifterSwift/SwifterSwift.framework",
			);
			name = "[CP] Embed Pods Frameworks";
			outputFileListPaths = (
			);
			outputPaths = (
				"${TARGET_BUILD_DIR}/${FRAMEWORKS_FOLDER_PATH}/Aspects.framework",
				"${TARGET_BUILD_DIR}/${FRAMEWORKS_FOLDER_PATH}/Differentiator.framework",
				"${TARGET_BUILD_DIR}/${FRAMEWORKS_FOLDER_PATH}/NSObject_Rx.framework",
				"${TARGET_BUILD_DIR}/${FRAMEWORKS_FOLDER_PATH}/RxAtomic.framework",
				"${TARGET_BUILD_DIR}/${FRAMEWORKS_FOLDER_PATH}/RxCocoa.framework",
				"${TARGET_BUILD_DIR}/${FRAMEWORKS_FOLDER_PATH}/RxDataSources.framework",
				"${TARGET_BUILD_DIR}/${FRAMEWORKS_FOLDER_PATH}/RxSwift.framework",
				"${TARGET_BUILD_DIR}/${FRAMEWORKS_FOLDER_PATH}/RxViewController.framework",
				"${TARGET_BUILD_DIR}/${FRAMEWORKS_FOLDER_PATH}/SwifterSwift.framework",
			);
			runOnlyForDeploymentPostprocessing = 0;
			shellPath = /bin/sh;
			shellScript = "\"${PODS_ROOT}/Target Support Files/Pods-Statistics/Pods-Statistics-frameworks.sh\"\n";
			showEnvVarsInLog = 0;
		};
		9A54802C1CE2DF70FDBA64C4 /* [CP] Check Pods Manifest.lock */ = {
			isa = PBXShellScriptBuildPhase;
			buildActionMask = 2147483647;
			files = (
			);
			inputFileListPaths = (
			);
			inputPaths = (
				"${PODS_PODFILE_DIR_PATH}/Podfile.lock",
				"${PODS_ROOT}/Manifest.lock",
			);
			name = "[CP] Check Pods Manifest.lock";
			outputFileListPaths = (
			);
			outputPaths = (
				"$(DERIVED_FILE_DIR)/Pods-Statistics-checkManifestLockResult.txt",
			);
			runOnlyForDeploymentPostprocessing = 0;
			shellPath = /bin/sh;
			shellScript = "diff \"${PODS_PODFILE_DIR_PATH}/Podfile.lock\" \"${PODS_ROOT}/Manifest.lock\" > /dev/null\nif [ $? != 0 ] ; then\n    # print error to STDERR\n    echo \"error: The sandbox is not in sync with the Podfile.lock. Run 'pod install' or update your CocoaPods installation.\" >&2\n    exit 1\nfi\n# This output is used by Xcode 'outputs' to avoid re-running this script phase.\necho \"SUCCESS\" > \"${SCRIPT_OUTPUT_FILE_0}\"\n";
			showEnvVarsInLog = 0;
		};
/* End PBXShellScriptBuildPhase section */

/* Begin PBXSourcesBuildPhase section */
		402B28C521E494EE00BD83F7 /* Sources */ = {
			isa = PBXSourcesBuildPhase;
			buildActionMask = 2147483647;
			files = (
				402B28EB21E495D700BD83F7 /* UIButton+Statistics.swift in Sources */,
				402B28F321E4978000BD83F7 /* UICollectionView+RX.swift in Sources */,
				402B28E921E495D700BD83F7 /* StatisticsManager.swift in Sources */,
				402B28CF21E494EE00BD83F7 /* ViewController.swift in Sources */,
				402B28EA21E495D700BD83F7 /* UIView+Statistics.swift in Sources */,
				402B28E821E495D700BD83F7 /* ObservableType+Statistics.swift in Sources */,
				402B28EF21E495D700BD83F7 /* UIScrollView+Statistics.swift in Sources */,
				402B28FD21E49E5200BD83F7 /* ControlEvent+Statistics.swift in Sources */,
				402B28EE21E495D700BD83F7 /* UICollectionView+Statistics.swift in Sources */,
				402B28F721E498BB00BD83F7 /* CollectionViewCell.swift in Sources */,
				402B28FB21E49C9D00BD83F7 /* EventID.swift in Sources */,
				402B28F021E495D700BD83F7 /* UITableView+Extension.swift in Sources */,
				402B28ED21E495D700BD83F7 /* UIViewController+Statistics.swift in Sources */,
				402B28CD21E494EE00BD83F7 /* AppDelegate.swift in Sources */,
				402B28F521E4978B00BD83F7 /* UITableView+RX.swift in Sources */,
			);
			runOnlyForDeploymentPostprocessing = 0;
		};
/* End PBXSourcesBuildPhase section */

/* Begin PBXVariantGroup section */
		402B28D021E494EE00BD83F7 /* Main.storyboard */ = {
			isa = PBXVariantGroup;
			children = (
				402B28D121E494EE00BD83F7 /* Base */,
			);
			name = Main.storyboard;
			sourceTree = "<group>";
		};
		402B28D521E494EF00BD83F7 /* LaunchScreen.storyboard */ = {
			isa = PBXVariantGroup;
			children = (
				402B28D621E494EF00BD83F7 /* Base */,
			);
			name = LaunchScreen.storyboard;
			sourceTree = "<group>";
		};
/* End PBXVariantGroup section */

/* Begin XCBuildConfiguration section */
		402B28D921E494EF00BD83F7 /* Debug */ = {
			isa = XCBuildConfiguration;
			buildSettings = {
				ALWAYS_SEARCH_USER_PATHS = NO;
				CLANG_ANALYZER_NONNULL = YES;
				CLANG_ANALYZER_NUMBER_OBJECT_CONVERSION = YES_AGGRESSIVE;
				CLANG_CXX_LANGUAGE_STANDARD = "gnu++14";
				CLANG_CXX_LIBRARY = "libc++";
				CLANG_ENABLE_MODULES = YES;
				CLANG_ENABLE_OBJC_ARC = YES;
				CLANG_ENABLE_OBJC_WEAK = YES;
				CLANG_WARN_BLOCK_CAPTURE_AUTORELEASING = YES;
				CLANG_WARN_BOOL_CONVERSION = YES;
				CLANG_WARN_COMMA = YES;
				CLANG_WARN_CONSTANT_CONVERSION = YES;
				CLANG_WARN_DEPRECATED_OBJC_IMPLEMENTATIONS = YES;
				CLANG_WARN_DIRECT_OBJC_ISA_USAGE = YES_ERROR;
				CLANG_WARN_DOCUMENTATION_COMMENTS = YES;
				CLANG_WARN_EMPTY_BODY = YES;
				CLANG_WARN_ENUM_CONVERSION = YES;
				CLANG_WARN_INFINITE_RECURSION = YES;
				CLANG_WARN_INT_CONVERSION = YES;
				CLANG_WARN_NON_LITERAL_NULL_CONVERSION = YES;
				CLANG_WARN_OBJC_IMPLICIT_RETAIN_SELF = YES;
				CLANG_WARN_OBJC_LITERAL_CONVERSION = YES;
				CLANG_WARN_OBJC_ROOT_CLASS = YES_ERROR;
				CLANG_WARN_RANGE_LOOP_ANALYSIS = YES;
				CLANG_WARN_STRICT_PROTOTYPES = YES;
				CLANG_WARN_SUSPICIOUS_MOVE = YES;
				CLANG_WARN_UNGUARDED_AVAILABILITY = YES_AGGRESSIVE;
				CLANG_WARN_UNREACHABLE_CODE = YES;
				CLANG_WARN__DUPLICATE_METHOD_MATCH = YES;
				CODE_SIGN_IDENTITY = "iPhone Developer";
				COPY_PHASE_STRIP = NO;
				DEBUG_INFORMATION_FORMAT = dwarf;
				ENABLE_STRICT_OBJC_MSGSEND = YES;
				ENABLE_TESTABILITY = YES;
				GCC_C_LANGUAGE_STANDARD = gnu11;
				GCC_DYNAMIC_NO_PIC = NO;
				GCC_NO_COMMON_BLOCKS = YES;
				GCC_OPTIMIZATION_LEVEL = 0;
				GCC_PREPROCESSOR_DEFINITIONS = (
					"DEBUG=1",
					"$(inherited)",
				);
				GCC_WARN_64_TO_32_BIT_CONVERSION = YES;
				GCC_WARN_ABOUT_RETURN_TYPE = YES_ERROR;
				GCC_WARN_UNDECLARED_SELECTOR = YES;
				GCC_WARN_UNINITIALIZED_AUTOS = YES_AGGRESSIVE;
				GCC_WARN_UNUSED_FUNCTION = YES;
				GCC_WARN_UNUSED_VARIABLE = YES;
				IPHONEOS_DEPLOYMENT_TARGET = 12.1;
				MTL_ENABLE_DEBUG_INFO = INCLUDE_SOURCE;
				MTL_FAST_MATH = YES;
				ONLY_ACTIVE_ARCH = YES;
				SDKROOT = iphoneos;
				SWIFT_ACTIVE_COMPILATION_CONDITIONS = DEBUG;
				SWIFT_OPTIMIZATION_LEVEL = "-Onone";
			};
			name = Debug;
		};
		402B28DA21E494EF00BD83F7 /* Release */ = {
			isa = XCBuildConfiguration;
			buildSettings = {
				ALWAYS_SEARCH_USER_PATHS = NO;
				CLANG_ANALYZER_NONNULL = YES;
				CLANG_ANALYZER_NUMBER_OBJECT_CONVERSION = YES_AGGRESSIVE;
				CLANG_CXX_LANGUAGE_STANDARD = "gnu++14";
				CLANG_CXX_LIBRARY = "libc++";
				CLANG_ENABLE_MODULES = YES;
				CLANG_ENABLE_OBJC_ARC = YES;
				CLANG_ENABLE_OBJC_WEAK = YES;
				CLANG_WARN_BLOCK_CAPTURE_AUTORELEASING = YES;
				CLANG_WARN_BOOL_CONVERSION = YES;
				CLANG_WARN_COMMA = YES;
				CLANG_WARN_CONSTANT_CONVERSION = YES;
				CLANG_WARN_DEPRECATED_OBJC_IMPLEMENTATIONS = YES;
				CLANG_WARN_DIRECT_OBJC_ISA_USAGE = YES_ERROR;
				CLANG_WARN_DOCUMENTATION_COMMENTS = YES;
				CLANG_WARN_EMPTY_BODY = YES;
				CLANG_WARN_ENUM_CONVERSION = YES;
				CLANG_WARN_INFINITE_RECURSION = YES;
				CLANG_WARN_INT_CONVERSION = YES;
				CLANG_WARN_NON_LITERAL_NULL_CONVERSION = YES;
				CLANG_WARN_OBJC_IMPLICIT_RETAIN_SELF = YES;
				CLANG_WARN_OBJC_LITERAL_CONVERSION = YES;
				CLANG_WARN_OBJC_ROOT_CLASS = YES_ERROR;
				CLANG_WARN_RANGE_LOOP_ANALYSIS = YES;
				CLANG_WARN_STRICT_PROTOTYPES = YES;
				CLANG_WARN_SUSPICIOUS_MOVE = YES;
				CLANG_WARN_UNGUARDED_AVAILABILITY = YES_AGGRESSIVE;
				CLANG_WARN_UNREACHABLE_CODE = YES;
				CLANG_WARN__DUPLICATE_METHOD_MATCH = YES;
				CODE_SIGN_IDENTITY = "iPhone Developer";
				COPY_PHASE_STRIP = NO;
				DEBUG_INFORMATION_FORMAT = "dwarf-with-dsym";
				ENABLE_NS_ASSERTIONS = NO;
				ENABLE_STRICT_OBJC_MSGSEND = YES;
				GCC_C_LANGUAGE_STANDARD = gnu11;
				GCC_NO_COMMON_BLOCKS = YES;
				GCC_WARN_64_TO_32_BIT_CONVERSION = YES;
				GCC_WARN_ABOUT_RETURN_TYPE = YES_ERROR;
				GCC_WARN_UNDECLARED_SELECTOR = YES;
				GCC_WARN_UNINITIALIZED_AUTOS = YES_AGGRESSIVE;
				GCC_WARN_UNUSED_FUNCTION = YES;
				GCC_WARN_UNUSED_VARIABLE = YES;
				IPHONEOS_DEPLOYMENT_TARGET = 12.1;
				MTL_ENABLE_DEBUG_INFO = NO;
				MTL_FAST_MATH = YES;
				SDKROOT = iphoneos;
				SWIFT_COMPILATION_MODE = wholemodule;
				SWIFT_OPTIMIZATION_LEVEL = "-O";
				VALIDATE_PRODUCT = YES;
			};
			name = Release;
		};
		402B28DC21E494EF00BD83F7 /* Debug */ = {
			isa = XCBuildConfiguration;
			baseConfigurationReference = 5448989702201B4E74A56FC9 /* Pods-Statistics.debug.xcconfig */;
			buildSettings = {
				ASSETCATALOG_COMPILER_APPICON_NAME = AppIcon;
				CODE_SIGN_STYLE = Automatic;
				DEVELOPMENT_TEAM = 334F27LL3L;
				INFOPLIST_FILE = Statistics/Info.plist;
				LD_RUNPATH_SEARCH_PATHS = (
					"$(inherited)",
					"@executable_path/Frameworks",
				);
				PRODUCT_BUNDLE_IDENTIFIER = Statistics.Statistics;
				PRODUCT_NAME = "$(TARGET_NAME)";
				SWIFT_VERSION = 4.2;
				TARGETED_DEVICE_FAMILY = "1,2";
			};
			name = Debug;
		};
		402B28DD21E494EF00BD83F7 /* Release */ = {
			isa = XCBuildConfiguration;
			baseConfigurationReference = E0C9443AE541B01955E3CDE5 /* Pods-Statistics.release.xcconfig */;
			buildSettings = {
				ASSETCATALOG_COMPILER_APPICON_NAME = AppIcon;
				CODE_SIGN_STYLE = Automatic;
				DEVELOPMENT_TEAM = 334F27LL3L;
				INFOPLIST_FILE = Statistics/Info.plist;
				LD_RUNPATH_SEARCH_PATHS = (
					"$(inherited)",
					"@executable_path/Frameworks",
				);
				PRODUCT_BUNDLE_IDENTIFIER = Statistics.Statistics;
				PRODUCT_NAME = "$(TARGET_NAME)";
				SWIFT_VERSION = 4.2;
				TARGETED_DEVICE_FAMILY = "1,2";
			};
			name = Release;
		};
/* End XCBuildConfiguration section */

/* Begin XCConfigurationList section */
		402B28C421E494EE00BD83F7 /* Build configuration list for PBXProject "Statistics" */ = {
			isa = XCConfigurationList;
			buildConfigurations = (
				402B28D921E494EF00BD83F7 /* Debug */,
				402B28DA21E494EF00BD83F7 /* Release */,
			);
			defaultConfigurationIsVisible = 0;
			defaultConfigurationName = Release;
		};
		402B28DB21E494EF00BD83F7 /* Build configuration list for PBXNativeTarget "Statistics" */ = {
			isa = XCConfigurationList;
			buildConfigurations = (
				402B28DC21E494EF00BD83F7 /* Debug */,
				402B28DD21E494EF00BD83F7 /* Release */,
			);
			defaultConfigurationIsVisible = 0;
			defaultConfigurationName = Release;
		};
/* End XCConfigurationList section */
	};
	rootObject = 402B28C121E494EE00BD83F7 /* Project object */;
}
